
Microsoft Visual Studio Solution File, Format Version 12.00
# Visual Studio Version 17
VisualStudioVersion = 17.8.34330.188
MinimumVisualStudioVersion = 10.0.40219.1
Project("{FAE04EC0-301F-11D3-BF4B-00C04F79EFBC}") = "Api", "Api.csproj", "{77837CD6-8CA2-4896-9E77-3FF2531638A2}"
EndProject
Global
	GlobalSection(SolutionConfigurationPlatforms) = preSolution
		Debug|Any CPU = Debug|Any CPU
		Release|Any CPU = Release|Any CPU
	EndGlobalSection
	GlobalSection(ProjectConfigurationPlatforms) = postSolution
		{77837CD6-8CA2-4896-9E77-3FF2531638A2}.Debug|Any CPU.ActiveCfg = Debug|Any CPU
		{77837CD6-8CA2-4896-9E77-3FF2531638A2}.Debug|Any CPU.Build.0 = Debug|Any CPU
		{77837CD6-8CA2-4896-9E77-3FF2531638A2}.Release|Any CPU.ActiveCfg = Release|Any CPU
		{77837CD6-8CA2-4896-9E77-3FF2531638A2}.Release|Any CPU.Build.0 = Release|Any CPU
	EndGlobalSection
	GlobalSection(SolutionProperties) = preSolution
		HideSolutionNode = FALSE
	EndGlobalSection
	GlobalSection(ExtensibilityGlobals) = postSolution
		SolutionGuid = {DA94FF17-EE08-458E-A4D5-058477674EA3}
	EndGlobalSection
EndGlobal
